// !$*UTF8*$!
{
	archiveVersion = 1;
	classes = {
	};
	objectVersion = 56;
	objects = {

/* Begin PBXBuildFile section */
		94AC4F622AE8F39700EABFAF /* ThingWorksApp.swift in Sources */ = {isa = PBXBuildFile; fileRef = 94AC4F612AE8F39700EABFAF /* ThingWorksApp.swift */; };
		94AC4F642AE8F39700EABFAF /* ContentView.swift in Sources */ = {isa = PBXBuildFile; fileRef = 94AC4F632AE8F39700EABFAF /* ContentView.swift */; };
		94AC4F662AE8F39900EABFAF /* Assets.xcassets in Resources */ = {isa = PBXBuildFile; fileRef = 94AC4F652AE8F39900EABFAF /* Assets.xcassets */; };
		94AC4F692AE8F39900EABFAF /* Preview Assets.xcassets in Resources */ = {isa = PBXBuildFile; fileRef = 94AC4F682AE8F39900EABFAF /* Preview Assets.xcassets */; };
		94AC4F722AE8F42600EABFAF /* LocationManager.swift in Sources */ = {isa = PBXBuildFile; fileRef = 94AC4F712AE8F42600EABFAF /* LocationManager.swift */; };
		94AC4F762AE8F46200EABFAF /* CoreLocation.framework in Frameworks */ = {isa = PBXBuildFile; fileRef = 94AC4F742AE8F46100EABFAF /* CoreLocation.framework */; };
		94AC4F772AE8F46200EABFAF /* CoreLocationUI.framework in Frameworks */ = {isa = PBXBuildFile; fileRef = 94AC4F752AE8F46100EABFAF /* CoreLocationUI.framework */; };
		94AC4F812AE9222E00EABFAF /* LocationModel.swift in Sources */ = {isa = PBXBuildFile; fileRef = 94AC4F6F2AE8F3CD00EABFAF /* LocationModel.swift */; };
/* End PBXBuildFile section */

/* Begin PBXFileReference section */
		94AC4F5E2AE8F39700EABFAF /* ThingWorks.app */ = {isa = PBXFileReference; explicitFileType = wrapper.application; includeInIndex = 0; path = ThingWorks.app; sourceTree = BUILT_PRODUCTS_DIR; };
		94AC4F612AE8F39700EABFAF /* ThingWorksApp.swift */ = {isa = PBXFileReference; lastKnownFileType = sourcecode.swift; path = ThingWorksApp.swift; sourceTree = "<group>"; };
		94AC4F632AE8F39700EABFAF /* ContentView.swift */ = {isa = PBXFileReference; lastKnownFileType = sourcecode.swift; path = ContentView.swift; sourceTree = "<group>"; };
		94AC4F652AE8F39900EABFAF /* Assets.xcassets */ = {isa = PBXFileReference; lastKnownFileType = folder.assetcatalog; path = Assets.xcassets; sourceTree = "<group>"; };
		94AC4F682AE8F39900EABFAF /* Preview Assets.xcassets */ = {isa = PBXFileReference; lastKnownFileType = folder.assetcatalog; path = "Preview Assets.xcassets"; sourceTree = "<group>"; };
		94AC4F6F2AE8F3CD00EABFAF /* LocationModel.swift */ = {isa = PBXFileReference; lastKnownFileType = sourcecode.swift; path = LocationModel.swift; sourceTree = "<group>"; };
		94AC4F712AE8F42600EABFAF /* LocationManager.swift */ = {isa = PBXFileReference; lastKnownFileType = sourcecode.swift; path = LocationManager.swift; sourceTree = "<group>"; };
		94AC4F742AE8F46100EABFAF /* CoreLocation.framework */ = {isa = PBXFileReference; lastKnownFileType = wrapper.framework; name = CoreLocation.framework; path = System/Library/Frameworks/CoreLocation.framework; sourceTree = SDKROOT; };
		94AC4F752AE8F46100EABFAF /* CoreLocationUI.framework */ = {isa = PBXFileReference; lastKnownFileType = wrapper.framework; name = CoreLocationUI.framework; path = System/Library/Frameworks/CoreLocationUI.framework; sourceTree = SDKROOT; };
/* End PBXFileReference section */

/* Begin PBXFrameworksBuildPhase section */
		94AC4F5B2AE8F39700EABFAF /* Frameworks */ = {
			isa = PBXFrameworksBuildPhase;
			buildActionMask = 2147483647;
			files = (
				94AC4F772AE8F46200EABFAF /* CoreLocationUI.framework in Frameworks */,
				94AC4F762AE8F46200EABFAF /* CoreLocation.framework in Frameworks */,
			);
			runOnlyForDeploymentPostprocessing = 0;
		};
/* End PBXFrameworksBuildPhase section */

/* Begin PBXGroup section */
		94AC4F552AE8F39700EABFAF = {
			isa = PBXGroup;
			children = (
				94AC4F782AE8FDA000EABFAF /* Packages */,
				94AC4F602AE8F39700EABFAF /* ThingWorks */,
				94AC4F5F2AE8F39700EABFAF /* Products */,
				94AC4F732AE8F46100EABFAF /* Frameworks */,
			);
			sourceTree = "<group>";
		};
		94AC4F5F2AE8F39700EABFAF /* Products */ = {
			isa = PBXGroup;
			children = (
				94AC4F5E2AE8F39700EABFAF /* ThingWorks.app */,
			);
			name = Products;
			sourceTree = "<group>";
		};
		94AC4F602AE8F39700EABFAF /* ThingWorks */ = {
			isa = PBXGroup;
			children = (
				94AC4F6F2AE8F3CD00EABFAF /* LocationModel.swift */,
				94AC4F612AE8F39700EABFAF /* ThingWorksApp.swift */,
				94AC4F632AE8F39700EABFAF /* ContentView.swift */,
				94AC4F652AE8F39900EABFAF /* Assets.xcassets */,
				94AC4F672AE8F39900EABFAF /* Preview Content */,
				94AC4F712AE8F42600EABFAF /* LocationManager.swift */,
			);
			path = ThingWorks;
			sourceTree = "<group>";
		};
		94AC4F672AE8F39900EABFAF /* Preview Content */ = {
			isa = PBXGroup;
			children = (
				94AC4F682AE8F39900EABFAF /* Preview Assets.xcassets */,
			);
			path = "Preview Content";
			sourceTree = "<group>";
		};
		94AC4F732AE8F46100EABFAF /* Frameworks */ = {
			isa = PBXGroup;
			children = (
				94AC4F742AE8F46100EABFAF /* CoreLocation.framework */,
				94AC4F752AE8F46100EABFAF /* CoreLocationUI.framework */,
			);
			name = Frameworks;
			sourceTree = "<group>";
		};
		94AC4F782AE8FDA000EABFAF /* Packages */ = {
			isa = PBXGroup;
			children = (
			);
			name = Packages;
			sourceTree = "<group>";
		};
/* End PBXGroup section */

/* Begin PBXNativeTarget section */
		94AC4F5D2AE8F39700EABFAF /* ThingWorks */ = {
			isa = PBXNativeTarget;
			buildConfigurationList = 94AC4F6C2AE8F39900EABFAF /* Build configuration list for PBXNativeTarget "ThingWorks" */;
			buildPhases = (
				94AC4F5A2AE8F39700EABFAF /* Sources */,
				94AC4F5B2AE8F39700EABFAF /* Frameworks */,
				94AC4F5C2AE8F39700EABFAF /* Resources */,
			);
			buildRules = (
			);
			dependencies = (
			);
			name = ThingWorks;
			productName = ThingWorks;
			productReference = 94AC4F5E2AE8F39700EABFAF /* ThingWorks.app */;
			productType = "com.apple.product-type.application";
		};
/* End PBXNativeTarget section */

/* Begin PBXProject section */
		94AC4F562AE8F39700EABFAF /* Project object */ = {
			isa = PBXProject;
			attributes = {
				BuildIndependentTargetsInParallel = 1;
				LastSwiftUpdateCheck = 1420;
				LastUpgradeCheck = 1420;
				TargetAttributes = {
					94AC4F5D2AE8F39700EABFAF = {
						CreatedOnToolsVersion = 14.2;
					};
				};
			};
			buildConfigurationList = 94AC4F592AE8F39700EABFAF /* Build configuration list for PBXProject "ThingWorks" */;
			compatibilityVersion = "Xcode 14.0";
			developmentRegion = en;
			hasScannedForEncodings = 0;
			knownRegions = (
				en,
				Base,
			);
			mainGroup = 94AC4F552AE8F39700EABFAF;
			productRefGroup = 94AC4F5F2AE8F39700EABFAF /* Products */;
			projectDirPath = "";
			projectRoot = "";
			targets = (
				94AC4F5D2AE8F39700EABFAF /* ThingWorks */,
			);
		};
/* End PBXProject section */

/* Begin PBXResourcesBuildPhase section */
		94AC4F5C2AE8F39700EABFAF /* Resources */ = {
			isa = PBXResourcesBuildPhase;
			buildActionMask = 2147483647;
			files = (
				94AC4F692AE8F39900EABFAF /* Preview Assets.xcassets in Resources */,
				94AC4F662AE8F39900EABFAF /* Assets.xcassets in Resources */,
			);
			runOnlyForDeploymentPostprocessing = 0;
		};
/* End PBXResourcesBuildPhase section */

/* Begin PBXSourcesBuildPhase section */
		94AC4F5A2AE8F39700EABFAF /* Sources */ = {
			isa = PBXSourcesBuildPhase;
			buildActionMask = 2147483647;
			files = (
				94AC4F722AE8F42600EABFAF /* LocationManager.swift in Sources */,
				94AC4F642AE8F39700EABFAF /* ContentView.swift in Sources */,
				94AC4F812AE9222E00EABFAF /* LocationModel.swift in Sources */,
				94AC4F622AE8F39700EABFAF /* ThingWorksApp.swift in Sources */,
			);
			runOnlyForDeploymentPostprocessing = 0;
		};
/* End PBXSourcesBuildPhase section */

/* Begin XCBuildConfiguration section */
		94AC4F6A2AE8F39900EABFAF /* Debug */ = {
			isa = XCBuildConfiguration;
			buildSettings = {
				ALWAYS_SEARCH_USER_PATHS = NO;
				CLANG_ANALYZER_NONNULL = YES;
				CLANG_ANALYZER_NUMBER_OBJECT_CONVERSION = YES_AGGRESSIVE;
				CLANG_CXX_LANGUAGE_STANDARD = "gnu++20";
				CLANG_ENABLE_MODULES = YES;
				CLANG_ENABLE_OBJC_ARC = YES;
				CLANG_ENABLE_OBJC_WEAK = YES;
				CLANG_WARN_BLOCK_CAPTURE_AUTORELEASING = YES;
				CLANG_WARN_BOOL_CONVERSION = YES;
				CLANG_WARN_COMMA = YES;
				CLANG_WARN_CONSTANT_CONVERSION = YES;
				CLANG_WARN_DEPRECATED_OBJC_IMPLEMENTATIONS = YES;
				CLANG_WARN_DIRECT_OBJC_ISA_USAGE = YES_ERROR;
				CLANG_WARN_DOCUMENTATION_COMMENTS = YES;
				CLANG_WARN_EMPTY_BODY = YES;
				CLANG_WARN_ENUM_CONVERSION = YES;
				CLANG_WARN_INFINITE_RECURSION = YES;
				CLANG_WARN_INT_CONVERSION = YES;
				CLANG_WARN_NON_LITERAL_NULL_CONVERSION = YES;
				CLANG_WARN_OBJC_IMPLICIT_RETAIN_SELF = YES;
				CLANG_WARN_OBJC_LITERAL_CONVERSION = YES;
				CLANG_WARN_OBJC_ROOT_CLASS = YES_ERROR;
				CLANG_WARN_QUOTED_INCLUDE_IN_FRAMEWORK_HEADER = YES;
				CLANG_WARN_RANGE_LOOP_ANALYSIS = YES;
				CLANG_WARN_STRICT_PROTOTYPES = YES;
				CLANG_WARN_SUSPICIOUS_MOVE = YES;
				CLANG_WARN_UNGUARDED_AVAILABILITY = YES_AGGRESSIVE;
				CLANG_WARN_UNREACHABLE_CODE = YES;
				CLANG_WARN__DUPLICATE_METHOD_MATCH = YES;
				COPY_PHASE_STRIP = NO;
				DEBUG_INFORMATION_FORMAT = dwarf;
				ENABLE_STRICT_OBJC_MSGSEND = YES;
				ENABLE_TESTABILITY = YES;
				GCC_C_LANGUAGE_STANDARD = gnu11;
				GCC_DYNAMIC_NO_PIC = NO;
				GCC_NO_COMMON_BLOCKS = YES;
				GCC_OPTIMIZATION_LEVEL = 0;
				GCC_PREPROCESSOR_DEFINITIONS = (
					"DEBUG=1",
					"$(inherited)",
				);
				GCC_WARN_64_TO_32_BIT_CONVERSION = YES;
				GCC_WARN_ABOUT_RETURN_TYPE = YES_ERROR;
				GCC_WARN_UNDECLARED_SELECTOR = YES;
				GCC_WARN_UNINITIALIZED_AUTOS = YES_AGGRESSIVE;
				GCC_WARN_UNUSED_FUNCTION = YES;
				GCC_WARN_UNUSED_VARIABLE = YES;
				IPHONEOS_DEPLOYMENT_TARGET = 16.2;
				MTL_ENABLE_DEBUG_INFO = INCLUDE_SOURCE;
				MTL_FAST_MATH = YES;
				ONLY_ACTIVE_ARCH = YES;
				SDKROOT = iphoneos;
				SWIFT_ACTIVE_COMPILATION_CONDITIONS = DEBUG;
				SWIFT_OPTIMIZATION_LEVEL = "-Onone";
			};
			name = Debug;
		};
		94AC4F6B2AE8F39900EABFAF /* Release */ = {
			isa = XCBuildConfiguration;
			buildSettings = {
				ALWAYS_SEARCH_USER_PATHS = NO;
				CLANG_ANALYZER_NONNULL = YES;
				CLANG_ANALYZER_NUMBER_OBJECT_CONVERSION = YES_AGGRESSIVE;
				CLANG_CXX_LANGUAGE_STANDARD = "gnu++20";
				CLANG_ENABLE_MODULES = YES;
				CLANG_ENABLE_OBJC_ARC = YES;
				CLANG_ENABLE_OBJC_WEAK = YES;
				CLANG_WARN_BLOCK_CAPTURE_AUTORELEASING = YES;
				CLANG_WARN_BOOL_CONVERSION = YES;
				CLANG_WARN_COMMA = YES;
				CLANG_WARN_CONSTANT_CONVERSION = YES;
				CLANG_WARN_DEPRECATED_OBJC_IMPLEMENTATIONS = YES;
				CLANG_WARN_DIRECT_OBJC_ISA_USAGE = YES_ERROR;
				CLANG_WARN_DOCUMENTATION_COMMENTS = YES;
				CLANG_WARN_EMPTY_BODY = YES;
				CLANG_WARN_ENUM_CONVERSION = YES;
				CLANG_WARN_INFINITE_RECURSION = YES;
				CLANG_WARN_INT_CONVERSION = YES;
				CLANG_WARN_NON_LITERAL_NULL_CONVERSION = YES;
				CLANG_WARN_OBJC_IMPLICIT_RETAIN_SELF = YES;
				CLANG_WARN_OBJC_LITERAL_CONVERSION = YES;
				CLANG_WARN_OBJC_ROOT_CLASS = YES_ERROR;
				CLANG_WARN_QUOTED_INCLUDE_IN_FRAMEWORK_HEADER = YES;
				CLANG_WARN_RANGE_LOOP_ANALYSIS = YES;
				CLANG_WARN_STRICT_PROTOTYPES = YES;
				CLANG_WARN_SUSPICIOUS_MOVE = YES;
				CLANG_WARN_UNGUARDED_AVAILABILITY = YES_AGGRESSIVE;
				CLANG_WARN_UNREACHABLE_CODE = YES;
				CLANG_WARN__DUPLICATE_METHOD_MATCH = YES;
				COPY_PHASE_STRIP = NO;
				DEBUG_INFORMATION_FORMAT = "dwarf-with-dsym";
				ENABLE_NS_ASSERTIONS = NO;
				ENABLE_STRICT_OBJC_MSGSEND = YES;
				GCC_C_LANGUAGE_STANDARD = gnu11;
				GCC_NO_COMMON_BLOCKS = YES;
				GCC_WARN_64_TO_32_BIT_CONVERSION = YES;
				GCC_WARN_ABOUT_RETURN_TYPE = YES_ERROR;
				GCC_WARN_UNDECLARED_SELECTOR = YES;
				GCC_WARN_UNINITIALIZED_AUTOS = YES_AGGRESSIVE;
				GCC_WARN_UNUSED_FUNCTION = YES;
				GCC_WARN_UNUSED_VARIABLE = YES;
				IPHONEOS_DEPLOYMENT_TARGET = 16.2;
				MTL_ENABLE_DEBUG_INFO = NO;
				MTL_FAST_MATH = YES;
				SDKROOT = iphoneos;
				SWIFT_COMPILATION_MODE = wholemodule;
				SWIFT_OPTIMIZATION_LEVEL = "-O";
				VALIDATE_PRODUCT = YES;
			};
			name = Release;
		};
		94AC4F6D2AE8F39900EABFAF /* Debug */ = {
			isa = XCBuildConfiguration;
			buildSettings = {
				ASSETCATALOG_COMPILER_APPICON_NAME = AppIcon;
				ASSETCATALOG_COMPILER_GLOBAL_ACCENT_COLOR_NAME = AccentColor;
				CODE_SIGN_STYLE = Automatic;
				CURRENT_PROJECT_VERSION = 1;
				DEVELOPMENT_ASSET_PATHS = "\"ThingWorks/Preview Content\"";
				ENABLE_PREVIEWS = YES;
				GENERATE_INFOPLIST_FILE = YES;
				INFOPLIST_KEY_NSLocationWhenInUseUsageDescription = "Aberger wants your Location";
				INFOPLIST_KEY_UIApplicationSceneManifest_Generation = YES;
				INFOPLIST_KEY_UIApplicationSupportsIndirectInputEvents = YES;
				INFOPLIST_KEY_UILaunchScreen_Generation = YES;
				INFOPLIST_KEY_UISupportedInterfaceOrientations_iPad = "UIInterfaceOrientationPortrait UIInterfaceOrientationPortraitUpsideDown UIInterfaceOrientationLandscapeLeft UIInterfaceOrientationLandscapeRight";
				INFOPLIST_KEY_UISupportedInterfaceOrientations_iPhone = "UIInterfaceOrientationPortrait UIInterfaceOrientationLandscapeLeft UIInterfaceOrientationLandscapeRight";
				LD_RUNPATH_SEARCH_PATHS = (
					"$(inherited)",
					"@executable_path/Frameworks",
				);
				MARKETING_VERSION = 1.0;
				PRODUCT_BUNDLE_IDENTIFIER = "at.ac.htl-leonding.thingworks.ThingWorks";
				PRODUCT_NAME = "$(TARGET_NAME)";
				SWIFT_EMIT_LOC_STRINGS = YES;
				SWIFT_VERSION = 5.0;
				TARGETED_DEVICE_FAMILY = "1,2";
			};
			name = Debug;
		};
		94AC4F6E2AE8F39900EABFAF /* Release */ = {
			isa = XCBuildConfiguration;
			buildSettings = {
				ASSETCATALOG_COMPILER_APPICON_NAME = AppIcon;
				ASSETCATALOG_COMPILER_GLOBAL_ACCENT_COLOR_NAME = AccentColor;
				CODE_SIGN_STYLE = Automatic;
				CURRENT_PROJECT_VERSION = 1;
				DEVELOPMENT_ASSET_PATHS = "\"ThingWorks/Preview Content\"";
				ENABLE_PREVIEWS = YES;
				GENERATE_INFOPLIST_FILE = YES;
				INFOPLIST_KEY_NSLocationWhenInUseUsageDescription = "Aberger wants your Location";
				INFOPLIST_KEY_UIApplicationSceneManifest_Generation = YES;
				INFOPLIST_KEY_UIApplicationSupportsIndirectInputEvents = YES;
				INFOPLIST_KEY_UILaunchScreen_Generation = YES;
				INFOPLIST_KEY_UISupportedInterfaceOrientations_iPad = "UIInterfaceOrientationPortrait UIInterfaceOrientationPortraitUpsideDown UIInterfaceOrientationLandscapeLeft UIInterfaceOrientationLandscapeRight";
				INFOPLIST_KEY_UISupportedInterfaceOrientations_iPhone = "UIInterfaceOrientationPortrait UIInterfaceOrientationLandscapeLeft UIInterfaceOrientationLandscapeRight";
				LD_RUNPATH_SEARCH_PATHS = (
					"$(inherited)",
					"@executable_path/Frameworks",
				);
				MARKETING_VERSION = 1.0;
				PRODUCT_BUNDLE_IDENTIFIER = "at.ac.htl-leonding.thingworks.ThingWorks";
				PRODUCT_NAME = "$(TARGET_NAME)";
				SWIFT_EMIT_LOC_STRINGS = YES;
				SWIFT_VERSION = 5.0;
				TARGETED_DEVICE_FAMILY = "1,2";
			};
			name = Release;
		};
/* End XCBuildConfiguration section */

/* Begin XCConfigurationList section */
		94AC4F592AE8F39700EABFAF /* Build configuration list for PBXProject "ThingWorks" */ = {
			isa = XCConfigurationList;
			buildConfigurations = (
				94AC4F6A2AE8F39900EABFAF /* Debug */,
				94AC4F6B2AE8F39900EABFAF /* Release */,
			);
			defaultConfigurationIsVisible = 0;
			defaultConfigurationName = Release;
		};
		94AC4F6C2AE8F39900EABFAF /* Build configuration list for PBXNativeTarget "ThingWorks" */ = {
			isa = XCConfigurationList;
			buildConfigurations = (
				94AC4F6D2AE8F39900EABFAF /* Debug */,
				94AC4F6E2AE8F39900EABFAF /* Release */,
			);
			defaultConfigurationIsVisible = 0;
			defaultConfigurationName = Release;
		};
/* End XCConfigurationList section */
	};
	rootObject = 94AC4F562AE8F39700EABFAF /* Project object */;
}
